// !$*UTF8*$!
{
	archiveVersion = 1;
	classes = {
	};
	objectVersion = 50;
	objects = {

/* Begin PBXBuildFile section */
		B1E1680120B7FD6C00615532 /* AppDelegate.m in Sources */ = {isa = PBXBuildFile; fileRef = B1E1680020B7FD6C00615532 /* AppDelegate.m */; };
		B1E1680420B7FD6C00615532 /* ViewController.m in Sources */ = {isa = PBXBuildFile; fileRef = B1E1680320B7FD6C00615532 /* ViewController.m */; };
		B1E1680720B7FD6C00615532 /* Main.storyboard in Resources */ = {isa = PBXBuildFile; fileRef = B1E1680520B7FD6C00615532 /* Main.storyboard */; };
		B1E1680920B7FD6D00615532 /* Assets.xcassets in Resources */ = {isa = PBXBuildFile; fileRef = B1E1680820B7FD6D00615532 /* Assets.xcassets */; };
		B1E1680C20B7FD6D00615532 /* LaunchScreen.storyboard in Resources */ = {isa = PBXBuildFile; fileRef = B1E1680A20B7FD6D00615532 /* LaunchScreen.storyboard */; };
		B1E1680F20B7FD6D00615532 /* main.m in Sources */ = {isa = PBXBuildFile; fileRef = B1E1680E20B7FD6D00615532 /* main.m */; };
		B1E1681920B7FD6D00615532 /* HIUITests.m in Sources */ = {isa = PBXBuildFile; fileRef = B1E1681820B7FD6D00615532 /* HIUITests.m */; };
		B1E1682420B7FD6D00615532 /* HIUIUITests.m in Sources */ = {isa = PBXBuildFile; fileRef = B1E1682320B7FD6D00615532 /* HIUIUITests.m */; };
/* End PBXBuildFile section */

/* Begin PBXContainerItemProxy section */
		B1E1681520B7FD6D00615532 /* PBXContainerItemProxy */ = {
			isa = PBXContainerItemProxy;
			containerPortal = B1E167F420B7FD6C00615532 /* Project object */;
			proxyType = 1;
			remoteGlobalIDString = B1E167FB20B7FD6C00615532;
			remoteInfo = HIUI;
		};
		B1E1682020B7FD6D00615532 /* PBXContainerItemProxy */ = {
			isa = PBXContainerItemProxy;
			containerPortal = B1E167F420B7FD6C00615532 /* Project object */;
			proxyType = 1;
			remoteGlobalIDString = B1E167FB20B7FD6C00615532;
			remoteInfo = HIUI;
		};
/* End PBXContainerItemProxy section */

/* Begin PBXFileReference section */
		B1E167FC20B7FD6C00615532 /* HIUI.app */ = {isa = PBXFileReference; explicitFileType = wrapper.application; includeInIndex = 0; path = HIUI.app; sourceTree = BUILT_PRODUCTS_DIR; };
		B1E167FF20B7FD6C00615532 /* AppDelegate.h */ = {isa = PBXFileReference; lastKnownFileType = sourcecode.c.h; path = AppDelegate.h; sourceTree = "<group>"; };
		B1E1680020B7FD6C00615532 /* AppDelegate.m */ = {isa = PBXFileReference; lastKnownFileType = sourcecode.c.objc; path = AppDelegate.m; sourceTree = "<group>"; };
		B1E1680220B7FD6C00615532 /* ViewController.h */ = {isa = PBXFileReference; lastKnownFileType = sourcecode.c.h; path = ViewController.h; sourceTree = "<group>"; };
		B1E1680320B7FD6C00615532 /* ViewController.m */ = {isa = PBXFileReference; lastKnownFileType = sourcecode.c.objc; path = ViewController.m; sourceTree = "<group>"; };
		B1E1680620B7FD6C00615532 /* Base */ = {isa = PBXFileReference; lastKnownFileType = file.storyboard; name = Base; path = Base.lproj/Main.storyboard; sourceTree = "<group>"; };
		B1E1680820B7FD6D00615532 /* Assets.xcassets */ = {isa = PBXFileReference; lastKnownFileType = folder.assetcatalog; path = Assets.xcassets; sourceTree = "<group>"; };
		B1E1680B20B7FD6D00615532 /* Base */ = {isa = PBXFileReference; lastKnownFileType = file.storyboard; name = Base; path = Base.lproj/LaunchScreen.storyboard; sourceTree = "<group>"; };
		B1E1680D20B7FD6D00615532 /* Info.plist */ = {isa = PBXFileReference; lastKnownFileType = text.plist.xml; path = Info.plist; sourceTree = "<group>"; };
		B1E1680E20B7FD6D00615532 /* main.m */ = {isa = PBXFileReference; lastKnownFileType = sourcecode.c.objc; path = main.m; sourceTree = "<group>"; };
		B1E1681420B7FD6D00615532 /* HIUITests.xctest */ = {isa = PBXFileReference; explicitFileType = wrapper.cfbundle; includeInIndex = 0; path = HIUITests.xctest; sourceTree = BUILT_PRODUCTS_DIR; };
		B1E1681820B7FD6D00615532 /* HIUITests.m */ = {isa = PBXFileReference; lastKnownFileType = sourcecode.c.objc; path = HIUITests.m; sourceTree = "<group>"; };
		B1E1681A20B7FD6D00615532 /* Info.plist */ = {isa = PBXFileReference; lastKnownFileType = text.plist.xml; path = Info.plist; sourceTree = "<group>"; };
		B1E1681F20B7FD6D00615532 /* HIUIUITests.xctest */ = {isa = PBXFileReference; explicitFileType = wrapper.cfbundle; includeInIndex = 0; path = HIUIUITests.xctest; sourceTree = BUILT_PRODUCTS_DIR; };
		B1E1682320B7FD6D00615532 /* HIUIUITests.m */ = {isa = PBXFileReference; lastKnownFileType = sourcecode.c.objc; path = HIUIUITests.m; sourceTree = "<group>"; };
		B1E1682520B7FD6D00615532 /* Info.plist */ = {isa = PBXFileReference; lastKnownFileType = text.plist.xml; path = Info.plist; sourceTree = "<group>"; };
/* End PBXFileReference section */

/* Begin PBXFrameworksBuildPhase section */
		B1E167F920B7FD6C00615532 /* Frameworks */ = {
			isa = PBXFrameworksBuildPhase;
			buildActionMask = 2147483647;
			files = (
			);
			runOnlyForDeploymentPostprocessing = 0;
		};
		B1E1681120B7FD6D00615532 /* Frameworks */ = {
			isa = PBXFrameworksBuildPhase;
			buildActionMask = 2147483647;
			files = (
			);
			runOnlyForDeploymentPostprocessing = 0;
		};
		B1E1681C20B7FD6D00615532 /* Frameworks */ = {
			isa = PBXFrameworksBuildPhase;
			buildActionMask = 2147483647;
			files = (
			);
			runOnlyForDeploymentPostprocessing = 0;
		};
/* End PBXFrameworksBuildPhase section */

/* Begin PBXGroup section */
		B1E167F320B7FD6C00615532 = {
			isa = PBXGroup;
			children = (
				B1E167FE20B7FD6C00615532 /* HIUI */,
				B1E1681720B7FD6D00615532 /* HIUITests */,
				B1E1682220B7FD6D00615532 /* HIUIUITests */,
				B1E167FD20B7FD6C00615532 /* Products */,
			);
			sourceTree = "<group>";
		};
		B1E167FD20B7FD6C00615532 /* Products */ = {
			isa = PBXGroup;
			children = (
				B1E167FC20B7FD6C00615532 /* HIUI.app */,
				B1E1681420B7FD6D00615532 /* HIUITests.xctest */,
				B1E1681F20B7FD6D00615532 /* HIUIUITests.xctest */,
			);
			name = Products;
			sourceTree = "<group>";
		};
		B1E167FE20B7FD6C00615532 /* HIUI */ = {
			isa = PBXGroup;
			children = (
				B1E167FF20B7FD6C00615532 /* AppDelegate.h */,
				B1E1680020B7FD6C00615532 /* AppDelegate.m */,
				B1E1680220B7FD6C00615532 /* ViewController.h */,
				B1E1680320B7FD6C00615532 /* ViewController.m */,
				B1E1680520B7FD6C00615532 /* Main.storyboard */,
				B1E1680820B7FD6D00615532 /* Assets.xcassets */,
				B1E1680A20B7FD6D00615532 /* LaunchScreen.storyboard */,
				B1E1680D20B7FD6D00615532 /* Info.plist */,
				B1E1680E20B7FD6D00615532 /* main.m */,
			);
			path = HIUI;
			sourceTree = "<group>";
		};
		B1E1681720B7FD6D00615532 /* HIUITests */ = {
			isa = PBXGroup;
			children = (
				B1E1681820B7FD6D00615532 /* HIUITests.m */,
				B1E1681A20B7FD6D00615532 /* Info.plist */,
			);
			path = HIUITests;
			sourceTree = "<group>";
		};
		B1E1682220B7FD6D00615532 /* HIUIUITests */ = {
			isa = PBXGroup;
			children = (
				B1E1682320B7FD6D00615532 /* HIUIUITests.m */,
				B1E1682520B7FD6D00615532 /* Info.plist */,
			);
			path = HIUIUITests;
			sourceTree = "<group>";
		};
/* End PBXGroup section */

/* Begin PBXNativeTarget section */
		B1E167FB20B7FD6C00615532 /* HIUI */ = {
			isa = PBXNativeTarget;
			buildConfigurationList = B1E1682820B7FD6D00615532 /* Build configuration list for PBXNativeTarget "HIUI" */;
			buildPhases = (
				B1E167F820B7FD6C00615532 /* Sources */,
				B1E167F920B7FD6C00615532 /* Frameworks */,
				B1E167FA20B7FD6C00615532 /* Resources */,
			);
			buildRules = (
			);
			dependencies = (
			);
			name = HIUI;
			productName = HIUI;
			productReference = B1E167FC20B7FD6C00615532 /* HIUI.app */;
			productType = "com.apple.product-type.application";
		};
		B1E1681320B7FD6D00615532 /* HIUITests */ = {
			isa = PBXNativeTarget;
			buildConfigurationList = B1E1682B20B7FD6D00615532 /* Build configuration list for PBXNativeTarget "HIUITests" */;
			buildPhases = (
				B1E1681020B7FD6D00615532 /* Sources */,
				B1E1681120B7FD6D00615532 /* Frameworks */,
				B1E1681220B7FD6D00615532 /* Resources */,
			);
			buildRules = (
			);
			dependencies = (
				B1E1681620B7FD6D00615532 /* PBXTargetDependency */,
			);
			name = HIUITests;
			productName = HIUITests;
			productReference = B1E1681420B7FD6D00615532 /* HIUITests.xctest */;
			productType = "com.apple.product-type.bundle.unit-test";
		};
		B1E1681E20B7FD6D00615532 /* HIUIUITests */ = {
			isa = PBXNativeTarget;
			buildConfigurationList = B1E1682E20B7FD6D00615532 /* Build configuration list for PBXNativeTarget "HIUIUITests" */;
			buildPhases = (
				B1E1681B20B7FD6D00615532 /* Sources */,
				B1E1681C20B7FD6D00615532 /* Frameworks */,
				B1E1681D20B7FD6D00615532 /* Resources */,
			);
			buildRules = (
			);
			dependencies = (
				B1E1682120B7FD6D00615532 /* PBXTargetDependency */,
			);
			name = HIUIUITests;
			productName = HIUIUITests;
			productReference = B1E1681F20B7FD6D00615532 /* HIUIUITests.xctest */;
			productType = "com.apple.product-type.bundle.ui-testing";
		};
/* End PBXNativeTarget section */

/* Begin PBXProject section */
		B1E167F420B7FD6C00615532 /* Project object */ = {
			isa = PBXProject;
			attributes = {
				LastUpgradeCheck = 0930;
				ORGANIZATIONNAME = LiZhenjie;
				TargetAttributes = {
					B1E167FB20B7FD6C00615532 = {
						CreatedOnToolsVersion = 9.3;
					};
					B1E1681320B7FD6D00615532 = {
						CreatedOnToolsVersion = 9.3;
						TestTargetID = B1E167FB20B7FD6C00615532;
					};
					B1E1681E20B7FD6D00615532 = {
						CreatedOnToolsVersion = 9.3;
						TestTargetID = B1E167FB20B7FD6C00615532;
					};
				};
			};
			buildConfigurationList = B1E167F720B7FD6C00615532 /* Build configuration list for PBXProject "HIUI" */;
			compatibilityVersion = "Xcode 9.3";
			developmentRegion = en;
			hasScannedForEncodings = 0;
			knownRegions = (
				en,
				Base,
			);
			mainGroup = B1E167F320B7FD6C00615532;
			productRefGroup = B1E167FD20B7FD6C00615532 /* Products */;
			projectDirPath = "";
			projectRoot = "";
			targets = (
				B1E167FB20B7FD6C00615532 /* HIUI */,
				B1E1681320B7FD6D00615532 /* HIUITests */,
				B1E1681E20B7FD6D00615532 /* HIUIUITests */,
			);
		};
/* End PBXProject section */

/* Begin PBXResourcesBuildPhase section */
		B1E167FA20B7FD6C00615532 /* Resources */ = {
			isa = PBXResourcesBuildPhase;
			buildActionMask = 2147483647;
			files = (
				B1E1680C20B7FD6D00615532 /* LaunchScreen.storyboard in Resources */,
				B1E1680920B7FD6D00615532 /* Assets.xcassets in Resources */,
				B1E1680720B7FD6C00615532 /* Main.storyboard in Resources */,
			);
			runOnlyForDeploymentPostprocessing = 0;
		};
		B1E1681220B7FD6D00615532 /* Resources */ = {
			isa = PBXResourcesBuildPhase;
			buildActionMask = 2147483647;
			files = (
			);
			runOnlyForDeploymentPostprocessing = 0;
		};
		B1E1681D20B7FD6D00615532 /* Resources */ = {
			isa = PBXResourcesBuildPhase;
			buildActionMask = 2147483647;
			files = (
			);
			runOnlyForDeploymentPostprocessing = 0;
		};
/* End PBXResourcesBuildPhase section */

/* Begin PBXSourcesBuildPhase section */
		B1E167F820B7FD6C00615532 /* Sources */ = {
			isa = PBXSourcesBuildPhase;
			buildActionMask = 2147483647;
			files = (
				B1E1680420B7FD6C00615532 /* ViewController.m in Sources */,
				B1E1680F20B7FD6D00615532 /* main.m in Sources */,
				B1E1680120B7FD6C00615532 /* AppDelegate.m in Sources */,
			);
			runOnlyForDeploymentPostprocessing = 0;
		};
		B1E1681020B7FD6D00615532 /* Sources */ = {
			isa = PBXSourcesBuildPhase;
			buildActionMask = 2147483647;
			files = (
				B1E1681920B7FD6D00615532 /* HIUITests.m in Sources */,
			);
			runOnlyForDeploymentPostprocessing = 0;
		};
		B1E1681B20B7FD6D00615532 /* Sources */ = {
			isa = PBXSourcesBuildPhase;
			buildActionMask = 2147483647;
			files = (
				B1E1682420B7FD6D00615532 /* HIUIUITests.m in Sources */,
			);
			runOnlyForDeploymentPostprocessing = 0;
		};
/* End PBXSourcesBuildPhase section */

/* Begin PBXTargetDependency section */
		B1E1681620B7FD6D00615532 /* PBXTargetDependency */ = {
			isa = PBXTargetDependency;
			target = B1E167FB20B7FD6C00615532 /* HIUI */;
			targetProxy = B1E1681520B7FD6D00615532 /* PBXContainerItemProxy */;
		};
		B1E1682120B7FD6D00615532 /* PBXTargetDependency */ = {
			isa = PBXTargetDependency;
			target = B1E167FB20B7FD6C00615532 /* HIUI */;
			targetProxy = B1E1682020B7FD6D00615532 /* PBXContainerItemProxy */;
		};
/* End PBXTargetDependency section */

/* Begin PBXVariantGroup section */
		B1E1680520B7FD6C00615532 /* Main.storyboard */ = {
			isa = PBXVariantGroup;
			children = (
				B1E1680620B7FD6C00615532 /* Base */,
			);
			name = Main.storyboard;
			sourceTree = "<group>";
		};
		B1E1680A20B7FD6D00615532 /* LaunchScreen.storyboard */ = {
			isa = PBXVariantGroup;
			children = (
				B1E1680B20B7FD6D00615532 /* Base */,
			);
			name = LaunchScreen.storyboard;
			sourceTree = "<group>";
		};
/* End PBXVariantGroup section */

/* Begin XCBuildConfiguration section */
		B1E1682620B7FD6D00615532 /* Debug */ = {
			isa = XCBuildConfiguration;
			buildSettings = {
				ALWAYS_SEARCH_USER_PATHS = NO;
				CLANG_ANALYZER_NONNULL = YES;
				CLANG_ANALYZER_NUMBER_OBJECT_CONVERSION = YES_AGGRESSIVE;
				CLANG_CXX_LANGUAGE_STANDARD = "gnu++14";
				CLANG_CXX_LIBRARY = "libc++";
				CLANG_ENABLE_MODULES = YES;
				CLANG_ENABLE_OBJC_ARC = YES;
				CLANG_ENABLE_OBJC_WEAK = YES;
				CLANG_WARN_BLOCK_CAPTURE_AUTORELEASING = YES;
				CLANG_WARN_BOOL_CONVERSION = YES;
				CLANG_WARN_COMMA = YES;
				CLANG_WARN_CONSTANT_CONVERSION = YES;
				CLANG_WARN_DEPRECATED_OBJC_IMPLEMENTATIONS = YES;
				CLANG_WARN_DIRECT_OBJC_ISA_USAGE = YES_ERROR;
				CLANG_WARN_DOCUMENTATION_COMMENTS = YES;
				CLANG_WARN_EMPTY_BODY = YES;
				CLANG_WARN_ENUM_CONVERSION = YES;
				CLANG_WARN_INFINITE_RECURSION = YES;
				CLANG_WARN_INT_CONVERSION = YES;
				CLANG_WARN_NON_LITERAL_NULL_CONVERSION = YES;
				CLANG_WARN_OBJC_IMPLICIT_RETAIN_SELF = YES;
				CLANG_WARN_OBJC_LITERAL_CONVERSION = YES;
				CLANG_WARN_OBJC_ROOT_CLASS = YES_ERROR;
				CLANG_WARN_RANGE_LOOP_ANALYSIS = YES;
				CLANG_WARN_STRICT_PROTOTYPES = YES;
				CLANG_WARN_SUSPICIOUS_MOVE = YES;
				CLANG_WARN_UNGUARDED_AVAILABILITY = YES_AGGRESSIVE;
				CLANG_WARN_UNREACHABLE_CODE = YES;
				CLANG_WARN__DUPLICATE_METHOD_MATCH = YES;
				CODE_SIGN_IDENTITY = "iPhone Developer";
				COPY_PHASE_STRIP = NO;
				DEBUG_INFORMATION_FORMAT = dwarf;
				ENABLE_STRICT_OBJC_MSGSEND = YES;
				ENABLE_TESTABILITY = YES;
				GCC_C_LANGUAGE_STANDARD = gnu11;
				GCC_DYNAMIC_NO_PIC = NO;
				GCC_NO_COMMON_BLOCKS = YES;
				GCC_OPTIMIZATION_LEVEL = 0;
				GCC_PREPROCESSOR_DEFINITIONS = (
					"DEBUG=1",
					"$(inherited)",
				);
				GCC_WARN_64_TO_32_BIT_CONVERSION = YES;
				GCC_WARN_ABOUT_RETURN_TYPE = YES_ERROR;
				GCC_WARN_UNDECLARED_SELECTOR = YES;
				GCC_WARN_UNINITIALIZED_AUTOS = YES_AGGRESSIVE;
				GCC_WARN_UNUSED_FUNCTION = YES;
				GCC_WARN_UNUSED_VARIABLE = YES;
				IPHONEOS_DEPLOYMENT_TARGET = 11.3;
				MTL_ENABLE_DEBUG_INFO = YES;
				ONLY_ACTIVE_ARCH = YES;
				SDKROOT = iphoneos;
			};
			name = Debug;
		};
		B1E1682720B7FD6D00615532 /* Release */ = {
			isa = XCBuildConfiguration;
			buildSettings = {
				ALWAYS_SEARCH_USER_PATHS = NO;
				CLANG_ANALYZER_NONNULL = YES;
				CLANG_ANALYZER_NUMBER_OBJECT_CONVERSION = YES_AGGRESSIVE;
				CLANG_CXX_LANGUAGE_STANDARD = "gnu++14";
				CLANG_CXX_LIBRARY = "libc++";
				CLANG_ENABLE_MODULES = YES;
				CLANG_ENABLE_OBJC_ARC = YES;
				CLANG_ENABLE_OBJC_WEAK = YES;
				CLANG_WARN_BLOCK_CAPTURE_AUTORELEASING = YES;
				CLANG_WARN_BOOL_CONVERSION = YES;
				CLANG_WARN_COMMA = YES;
				CLANG_WARN_CONSTANT_CONVERSION = YES;
				CLANG_WARN_DEPRECATED_OBJC_IMPLEMENTATIONS = YES;
				CLANG_WARN_DIRECT_OBJC_ISA_USAGE = YES_ERROR;
				CLANG_WARN_DOCUMENTATION_COMMENTS = YES;
				CLANG_WARN_EMPTY_BODY = YES;
				CLANG_WARN_ENUM_CONVERSION = YES;
				CLANG_WARN_INFINITE_RECURSION = YES;
				CLANG_WARN_INT_CONVERSION = YES;
				CLANG_WARN_NON_LITERAL_NULL_CONVERSION = YES;
				CLANG_WARN_OBJC_IMPLICIT_RETAIN_SELF = YES;
				CLANG_WARN_OBJC_LITERAL_CONVERSION = YES;
				CLANG_WARN_OBJC_ROOT_CLASS = YES_ERROR;
				CLANG_WARN_RANGE_LOOP_ANALYSIS = YES;
				CLANG_WARN_STRICT_PROTOTYPES = YES;
				CLANG_WARN_SUSPICIOUS_MOVE = YES;
				CLANG_WARN_UNGUARDED_AVAILABILITY = YES_AGGRESSIVE;
				CLANG_WARN_UNREACHABLE_CODE = YES;
				CLANG_WARN__DUPLICATE_METHOD_MATCH = YES;
				CODE_SIGN_IDENTITY = "iPhone Developer";
				COPY_PHASE_STRIP = NO;
				DEBUG_INFORMATION_FORMAT = "dwarf-with-dsym";
				ENABLE_NS_ASSERTIONS = NO;
				ENABLE_STRICT_OBJC_MSGSEND = YES;
				GCC_C_LANGUAGE_STANDARD = gnu11;
				GCC_NO_COMMON_BLOCKS = YES;
				GCC_WARN_64_TO_32_BIT_CONVERSION = YES;
				GCC_WARN_ABOUT_RETURN_TYPE = YES_ERROR;
				GCC_WARN_UNDECLARED_SELECTOR = YES;
				GCC_WARN_UNINITIALIZED_AUTOS = YES_AGGRESSIVE;
				GCC_WARN_UNUSED_FUNCTION = YES;
				GCC_WARN_UNUSED_VARIABLE = YES;
				IPHONEOS_DEPLOYMENT_TARGET = 11.3;
				MTL_ENABLE_DEBUG_INFO = NO;
				SDKROOT = iphoneos;
				VALIDATE_PRODUCT = YES;
			};
			name = Release;
		};
		B1E1682920B7FD6D00615532 /* Debug */ = {
			isa = XCBuildConfiguration;
			buildSettings = {
				ASSETCATALOG_COMPILER_APPICON_NAME = AppIcon;
				CODE_SIGN_STYLE = Automatic;
				INFOPLIST_FILE = HIUI/Info.plist;
				LD_RUNPATH_SEARCH_PATHS = (
					"$(inherited)",
					"@executable_path/Frameworks",
				);
				PRODUCT_BUNDLE_IDENTIFIER = com.me.HIUI;
				PRODUCT_NAME = "$(TARGET_NAME)";
				TARGETED_DEVICE_FAMILY = "1,2";
			};
			name = Debug;
		};
		B1E1682A20B7FD6D00615532 /* Release */ = {
			isa = XCBuildConfiguration;
			buildSettings = {
				ASSETCATALOG_COMPILER_APPICON_NAME = AppIcon;
				CODE_SIGN_STYLE = Automatic;
				INFOPLIST_FILE = HIUI/Info.plist;
				LD_RUNPATH_SEARCH_PATHS = (
					"$(inherited)",
					"@executable_path/Frameworks",
				);
				PRODUCT_BUNDLE_IDENTIFIER = com.me.HIUI;
				PRODUCT_NAME = "$(TARGET_NAME)";
				TARGETED_DEVICE_FAMILY = "1,2";
			};
			name = Release;
		};
		B1E1682C20B7FD6D00615532 /* Debug */ = {
			isa = XCBuildConfiguration;
			buildSettings = {
				BUNDLE_LOADER = "$(TEST_HOST)";
				CODE_SIGN_STYLE = Automatic;
				INFOPLIST_FILE = HIUITests/Info.plist;
				LD_RUNPATH_SEARCH_PATHS = (
					"$(inherited)",
					"@executable_path/Frameworks",
					"@loader_path/Frameworks",
				);
				PRODUCT_BUNDLE_IDENTIFIER = com.me.HIUITests;
				PRODUCT_NAME = "$(TARGET_NAME)";
				TARGETED_DEVICE_FAMILY = "1,2";
				TEST_HOST = "$(BUILT_PRODUCTS_DIR)/HIUI.app/HIUI";
			};
			name = Debug;
		};
		B1E1682D20B7FD6D00615532 /* Release */ = {
			isa = XCBuildConfiguration;
			buildSettings = {
				BUNDLE_LOADER = "$(TEST_HOST)";
				CODE_SIGN_STYLE = Automatic;
				INFOPLIST_FILE = HIUITests/Info.plist;
				LD_RUNPATH_SEARCH_PATHS = (
					"$(inherited)",
					"@executable_path/Frameworks",
					"@loader_path/Frameworks",
				);
				PRODUCT_BUNDLE_IDENTIFIER = com.me.HIUITests;
				PRODUCT_NAME = "$(TARGET_NAME)";
				TARGETED_DEVICE_FAMILY = "1,2";
				TEST_HOST = "$(BUILT_PRODUCTS_DIR)/HIUI.app/HIUI";
			};
			name = Release;
		};
		B1E1682F20B7FD6D00615532 /* Debug */ = {
			isa = XCBuildConfiguration;
			buildSettings = {
				CODE_SIGN_STYLE = Automatic;
				INFOPLIST_FILE = HIUIUITests/Info.plist;
				LD_RUNPATH_SEARCH_PATHS = (
					"$(inherited)",
					"@executable_path/Frameworks",
					"@loader_path/Frameworks",
				);
				PRODUCT_BUNDLE_IDENTIFIER = com.me.HIUIUITests;
				PRODUCT_NAME = "$(TARGET_NAME)";
				TARGETED_DEVICE_FAMILY = "1,2";
				TEST_TARGET_NAME = HIUI;
			};
			name = Debug;
		};
		B1E1683020B7FD6D00615532 /* Release */ = {
			isa = XCBuildConfiguration;
			buildSettings = {
				CODE_SIGN_STYLE = Automatic;
				INFOPLIST_FILE = HIUIUITests/Info.plist;
				LD_RUNPATH_SEARCH_PATHS = (
					"$(inherited)",
					"@executable_path/Frameworks",
					"@loader_path/Frameworks",
				);
				PRODUCT_BUNDLE_IDENTIFIER = com.me.HIUIUITests;
				PRODUCT_NAME = "$(TARGET_NAME)";
				TARGETED_DEVICE_FAMILY = "1,2";
				TEST_TARGET_NAME = HIUI;
			};
			name = Release;
		};
/* End XCBuildConfiguration section */

/* Begin XCConfigurationList section */
		B1E167F720B7FD6C00615532 /* Build configuration list for PBXProject "HIUI" */ = {
			isa = XCConfigurationList;
			buildConfigurations = (
				B1E1682620B7FD6D00615532 /* Debug */,
				B1E1682720B7FD6D00615532 /* Release */,
			);
			defaultConfigurationIsVisible = 0;
			defaultConfigurationName = Release;
		};
		B1E1682820B7FD6D00615532 /* Build configuration list for PBXNativeTarget "HIUI" */ = {
			isa = XCConfigurationList;
			buildConfigurations = (
				B1E1682920B7FD6D00615532 /* Debug */,
				B1E1682A20B7FD6D00615532 /* Release */,
			);
			defaultConfigurationIsVisible = 0;
			defaultConfigurationName = Release;
		};
		B1E1682B20B7FD6D00615532 /* Build configuration list for PBXNativeTarget "HIUITests" */ = {
			isa = XCConfigurationList;
			buildConfigurations = (
				B1E1682C20B7FD6D00615532 /* Debug */,
				B1E1682D20B7FD6D00615532 /* Release */,
			);
			defaultConfigurationIsVisible = 0;
			defaultConfigurationName = Release;
		};
		B1E1682E20B7FD6D00615532 /* Build configuration list for PBXNativeTarget "HIUIUITests" */ = {
			isa = XCConfigurationList;
			buildConfigurations = (
				B1E1682F20B7FD6D00615532 /* Debug */,
				B1E1683020B7FD6D00615532 /* Release */,
			);
			defaultConfigurationIsVisible = 0;
			defaultConfigurationName = Release;
		};
/* End XCConfigurationList section */
	};
	rootObject = B1E167F420B7FD6C00615532 /* Project object */;
}
